
Microsoft Visual Studio Solution File, Format Version 12.00
# Visual Studio Version 17
VisualStudioVersion = 17.3.32825.248
MinimumVisualStudioVersion = 10.0.40219.1
Project("{FAE04EC0-301F-11D3-BF4B-00C04F79EFBC}") = "Laba5", "Laba5\Laba5.csproj", "{71912DA2-820E-4782-B8F7-97A5B5980F2A}"
EndProject
Project("{FAE04EC0-301F-11D3-BF4B-00C04F79EFBC}") = "Laba5.1", "Laba5.1\Laba5.1.csproj", "{97A975F3-B2E6-4213-83DB-0073EC699753}"
EndProject
Global
	GlobalSection(SolutionConfigurationPlatforms) = preSolution
		Debug|Any CPU = Debug|Any CPU
		Release|Any CPU = Release|Any CPU
	EndGlobalSection
	GlobalSection(ProjectConfigurationPlatforms) = postSolution
		{71912DA2-820E-4782-B8F7-97A5B5980F2A}.Debug|Any CPU.ActiveCfg = Debug|Any CPU
		{71912DA2-820E-4782-B8F7-97A5B5980F2A}.Debug|Any CPU.Build.0 = Debug|Any CPU
		{71912DA2-820E-4782-B8F7-97A5B5980F2A}.Release|Any CPU.ActiveCfg = Release|Any CPU
		{71912DA2-820E-4782-B8F7-97A5B5980F2A}.Release|Any CPU.Build.0 = Release|Any CPU
		{97A975F3-B2E6-4213-83DB-0073EC699753}.Debug|Any CPU.ActiveCfg = Debug|Any CPU
		{97A975F3-B2E6-4213-83DB-0073EC699753}.Debug|Any CPU.Build.0 = Debug|Any CPU
		{97A975F3-B2E6-4213-83DB-0073EC699753}.Release|Any CPU.ActiveCfg = Release|Any CPU
		{97A975F3-B2E6-4213-83DB-0073EC699753}.Release|Any CPU.Build.0 = Release|Any CPU
	EndGlobalSection
	GlobalSection(SolutionProperties) = preSolution
		HideSolutionNode = FALSE
	EndGlobalSection
	GlobalSection(ExtensibilityGlobals) = postSolution
		SolutionGuid = {F7F25496-E49D-40DE-A17D-C1B134BBE2F2}
	EndGlobalSection
EndGlobal
